
Microsoft Visual Studio Solution File, Format Version 11.00
# Visual Studio 2010
Project("{FAE04EC0-301F-11D3-BF4B-00C04F79EFBC}") = "Assembly-CSharp", "Assembly-CSharp.csproj", "{453e354e-a6a6-2aa7-ed9e-3f6652a4ea5b}"
EndProject
Project("{FAE04EC0-301F-11D3-BF4B-00C04F79EFBC}") = "Assembly-CSharp-Editor", "Assembly-CSharp-Editor.csproj", "{c8c3612e-70cf-6ed8-1b08-46ea4b427d60}"
EndProject
Global
	GlobalSection(SolutionConfigurationPlatforms) = preSolution
		Debug|Any CPU = Debug|Any CPU
	EndGlobalSection
	GlobalSection(ProjectConfigurationPlatforms) = postSolution
		{453e354e-a6a6-2aa7-ed9e-3f6652a4ea5b}.Debug|Any CPU.ActiveCfg = Debug|Any CPU
		{453e354e-a6a6-2aa7-ed9e-3f6652a4ea5b}.Debug|Any CPU.Build.0 = Debug|Any CPU
		{c8c3612e-70cf-6ed8-1b08-46ea4b427d60}.Debug|Any CPU.ActiveCfg = Debug|Any CPU
		{c8c3612e-70cf-6ed8-1b08-46ea4b427d60}.Debug|Any CPU.Build.0 = Debug|Any CPU
	EndGlobalSection
	GlobalSection(SolutionProperties) = preSolution
		HideSolutionNode = FALSE
	EndGlobalSection
EndGlobal
